{
    "_readme": [
        "This file locks the dependencies of your project to a known state",
        "Read more about it at https://getcomposer.org/doc/01-basic-usage.md#composer-lock-the-lock-file",
        "This file is @generated automatically"
    ],
    "hash": "4cfeb2296088ba6067ae128a9d851c0a",
    "content-hash": "4a1db2d5bd2acf70d0a9977d91c0c7e5",
    "packages": [
        {
            "name": "lavoiesl/php-benchmark",
            "version": "v1.4",
            "source": {
                "type": "git",
                "url": "https://github.com/lavoiesl/php-benchmark.git",
                "reference": "3618d0c2e2c0c0e4452a446a8b125295a1d47d4d"
            },
            "dist": {
                "type": "zip",
                "url": "https://api.github.com/repos/lavoiesl/php-benchmark/zipball/3618d0c2e2c0c0e4452a446a8b125295a1d47d4d",
                "reference": "3618d0c2e2c0c0e4452a446a8b125295a1d47d4d",
                "shasum": ""
            },
            "type": "library",
            "autoload": {
                "psr-4": {
                    "Lavoiesl\\PhpBenchmark\\": "src/"
                }
            },
            "notification-url": "https://packagist.org/downloads/",
            "license": [
                "MIT"
            ],
            "authors": [
                {
                    "name": "Sébastien Lavoie",
                    "email": "github@lavoie.sl",
                    "homepage": "http://sebastien.lavoie.sl",
                    "role": "Packager"
                }
            ],
            "description": "Tool to compare different functions in PHP",
            "time": "2014-03-22 07:38:16"
        }
    ],
    "packages-dev": [],
    "aliases": [],
    "minimum-stability": "stable",
    "stability-flags": [],
    "prefer-stable": false,
    "prefer-lowest": false,
    "platform": [],
    "platform-dev": []
}
